
Microsoft Visual Studio Solution File, Format Version 12.00
# Visual Studio Version 16
VisualStudioVersion = 16.0.30204.135
MinimumVisualStudioVersion = 10.0.40219.1
Project("{FAE04EC0-301F-11D3-BF4B-00C04F79EFBC}") = "Core", "Core\Core.csproj", "{D591B630-F0FB-4CBE-B0B3-388528DA50DA}"
EndProject
Project("{2150E333-8FDC-42A3-9474-1A3956D46DE8}") = "Componenets", "Componenets", "{F65E1865-255C-410B-BB03-5CC73438B9F7}"
EndProject
Project("{FAE04EC0-301F-11D3-BF4B-00C04F79EFBC}") = "QLuaL1QuotationProvider", "QLuaL1QuatationProvider\QLuaL1QuotationProvider.csproj", "{86CFBF47-0B1F-4257-9179-A16DC07688F3}"
EndProject
Project("{FAE04EC0-301F-11D3-BF4B-00C04F79EFBC}") = "SQLiteL1QuotationStore", "SQLiteL1QuotationStore\SQLiteL1QuotationStore.csproj", "{1212E1E5-AE08-4C4E-A9DC-374577021F2A}"
EndProject
Project("{FAE04EC0-301F-11D3-BF4B-00C04F79EFBC}") = "QuantaBasketTests", "QuantaBasketTests\QuantaBasketTests.csproj", "{C2EE2235-7D83-4CE7-B975-D8DB778CDBE7}"
EndProject
Project("{FAE04EC0-301F-11D3-BF4B-00C04F79EFBC}") = "QuantaBasketTestApp", "QuantaBasketTestApp\QuantaBasketTestApp.csproj", "{437608C8-6DE6-432F-8614-040627361568}"
EndProject
Project("{2150E333-8FDC-42A3-9474-1A3956D46DE8}") = "Quantas", "Quantas", "{353A01DE-E8B4-4C52-8478-1457F4F9185F}"
EndProject
Project("{FAE04EC0-301F-11D3-BF4B-00C04F79EFBC}") = "Basket", "Basket\Basket.csproj", "{C582B70F-F31F-4E4C-9F3E-AA1292F98204}"
EndProject
Project("{FAE04EC0-301F-11D3-BF4B-00C04F79EFBC}") = "TestQuant", "..\Quantas\TestQuant\TestQuant.csproj", "{732C4ADA-C3B7-476E-970B-E68F8CC888A9}"
EndProject
Project("{FAE04EC0-301F-11D3-BF4B-00C04F79EFBC}") = "QuantaBasketGUI", "QuantaBasketGUI\QuantaBasketGUI.csproj", "{4ADACC80-433B-4917-A313-89D99EA7B460}"
EndProject
Project("{FAE04EC0-301F-11D3-BF4B-00C04F79EFBC}") = "Trader", "Trader\Trader.csproj", "{84AD95A6-703B-4DC6-A894-552478E29FAB}"
EndProject
Project("{2150E333-8FDC-42A3-9474-1A3956D46DE8}") = "App", "App", "{AD56744B-EB7E-46ED-8503-E8DAB93376F0}"
EndProject
Project("{2150E333-8FDC-42A3-9474-1A3956D46DE8}") = "Tests", "Tests", "{97E8D00F-FA52-4036-BCB8-BB2392B0BC46}"
EndProject
Global
	GlobalSection(SolutionConfigurationPlatforms) = preSolution
		Debug|Any CPU = Debug|Any CPU
		Debug|x64 = Debug|x64
		Release|Any CPU = Release|Any CPU
		Release|x64 = Release|x64
	EndGlobalSection
	GlobalSection(ProjectConfigurationPlatforms) = postSolution
		{D591B630-F0FB-4CBE-B0B3-388528DA50DA}.Debug|Any CPU.ActiveCfg = Debug|Any CPU
		{D591B630-F0FB-4CBE-B0B3-388528DA50DA}.Debug|Any CPU.Build.0 = Debug|Any CPU
		{D591B630-F0FB-4CBE-B0B3-388528DA50DA}.Debug|x64.ActiveCfg = Debug|x64
		{D591B630-F0FB-4CBE-B0B3-388528DA50DA}.Debug|x64.Build.0 = Debug|x64
		{D591B630-F0FB-4CBE-B0B3-388528DA50DA}.Release|Any CPU.ActiveCfg = Release|Any CPU
		{D591B630-F0FB-4CBE-B0B3-388528DA50DA}.Release|Any CPU.Build.0 = Release|Any CPU
		{D591B630-F0FB-4CBE-B0B3-388528DA50DA}.Release|x64.ActiveCfg = Release|x64
		{D591B630-F0FB-4CBE-B0B3-388528DA50DA}.Release|x64.Build.0 = Release|x64
		{86CFBF47-0B1F-4257-9179-A16DC07688F3}.Debug|Any CPU.ActiveCfg = Debug|Any CPU
		{86CFBF47-0B1F-4257-9179-A16DC07688F3}.Debug|Any CPU.Build.0 = Debug|Any CPU
		{86CFBF47-0B1F-4257-9179-A16DC07688F3}.Debug|x64.ActiveCfg = Debug|x64
		{86CFBF47-0B1F-4257-9179-A16DC07688F3}.Debug|x64.Build.0 = Debug|x64
		{86CFBF47-0B1F-4257-9179-A16DC07688F3}.Release|Any CPU.ActiveCfg = Release|Any CPU
		{86CFBF47-0B1F-4257-9179-A16DC07688F3}.Release|Any CPU.Build.0 = Release|Any CPU
		{86CFBF47-0B1F-4257-9179-A16DC07688F3}.Release|x64.ActiveCfg = Release|x64
		{86CFBF47-0B1F-4257-9179-A16DC07688F3}.Release|x64.Build.0 = Release|x64
		{1212E1E5-AE08-4C4E-A9DC-374577021F2A}.Debug|Any CPU.ActiveCfg = Debug|Any CPU
		{1212E1E5-AE08-4C4E-A9DC-374577021F2A}.Debug|Any CPU.Build.0 = Debug|Any CPU
		{1212E1E5-AE08-4C4E-A9DC-374577021F2A}.Debug|x64.ActiveCfg = Debug|x64
		{1212E1E5-AE08-4C4E-A9DC-374577021F2A}.Debug|x64.Build.0 = Debug|x64
		{1212E1E5-AE08-4C4E-A9DC-374577021F2A}.Release|Any CPU.ActiveCfg = Release|Any CPU
		{1212E1E5-AE08-4C4E-A9DC-374577021F2A}.Release|Any CPU.Build.0 = Release|Any CPU
		{1212E1E5-AE08-4C4E-A9DC-374577021F2A}.Release|x64.ActiveCfg = Release|x64
		{1212E1E5-AE08-4C4E-A9DC-374577021F2A}.Release|x64.Build.0 = Release|x64
		{C2EE2235-7D83-4CE7-B975-D8DB778CDBE7}.Debug|Any CPU.ActiveCfg = Debug|Any CPU
		{C2EE2235-7D83-4CE7-B975-D8DB778CDBE7}.Debug|Any CPU.Build.0 = Debug|Any CPU
		{C2EE2235-7D83-4CE7-B975-D8DB778CDBE7}.Debug|x64.ActiveCfg = Debug|x64
		{C2EE2235-7D83-4CE7-B975-D8DB778CDBE7}.Debug|x64.Build.0 = Debug|x64
		{C2EE2235-7D83-4CE7-B975-D8DB778CDBE7}.Release|Any CPU.ActiveCfg = Release|Any CPU
		{C2EE2235-7D83-4CE7-B975-D8DB778CDBE7}.Release|Any CPU.Build.0 = Release|Any CPU
		{C2EE2235-7D83-4CE7-B975-D8DB778CDBE7}.Release|x64.ActiveCfg = Release|x64
		{C2EE2235-7D83-4CE7-B975-D8DB778CDBE7}.Release|x64.Build.0 = Release|x64
		{437608C8-6DE6-432F-8614-040627361568}.Debug|Any CPU.ActiveCfg = Debug|Any CPU
		{437608C8-6DE6-432F-8614-040627361568}.Debug|Any CPU.Build.0 = Debug|Any CPU
		{437608C8-6DE6-432F-8614-040627361568}.Debug|x64.ActiveCfg = Debug|Any CPU
		{437608C8-6DE6-432F-8614-040627361568}.Debug|x64.Build.0 = Debug|Any CPU
		{437608C8-6DE6-432F-8614-040627361568}.Release|Any CPU.ActiveCfg = Release|Any CPU
		{437608C8-6DE6-432F-8614-040627361568}.Release|Any CPU.Build.0 = Release|Any CPU
		{437608C8-6DE6-432F-8614-040627361568}.Release|x64.ActiveCfg = Release|Any CPU
		{437608C8-6DE6-432F-8614-040627361568}.Release|x64.Build.0 = Release|Any CPU
		{C582B70F-F31F-4E4C-9F3E-AA1292F98204}.Debug|Any CPU.ActiveCfg = Debug|Any CPU
		{C582B70F-F31F-4E4C-9F3E-AA1292F98204}.Debug|Any CPU.Build.0 = Debug|Any CPU
		{C582B70F-F31F-4E4C-9F3E-AA1292F98204}.Debug|x64.ActiveCfg = Debug|Any CPU
		{C582B70F-F31F-4E4C-9F3E-AA1292F98204}.Debug|x64.Build.0 = Debug|Any CPU
		{C582B70F-F31F-4E4C-9F3E-AA1292F98204}.Release|Any CPU.ActiveCfg = Release|Any CPU
		{C582B70F-F31F-4E4C-9F3E-AA1292F98204}.Release|Any CPU.Build.0 = Release|Any CPU
		{C582B70F-F31F-4E4C-9F3E-AA1292F98204}.Release|x64.ActiveCfg = Release|Any CPU
		{C582B70F-F31F-4E4C-9F3E-AA1292F98204}.Release|x64.Build.0 = Release|Any CPU
		{732C4ADA-C3B7-476E-970B-E68F8CC888A9}.Debug|Any CPU.ActiveCfg = Debug|Any CPU
		{732C4ADA-C3B7-476E-970B-E68F8CC888A9}.Debug|Any CPU.Build.0 = Debug|Any CPU
		{732C4ADA-C3B7-476E-970B-E68F8CC888A9}.Debug|x64.ActiveCfg = Debug|Any CPU
		{732C4ADA-C3B7-476E-970B-E68F8CC888A9}.Debug|x64.Build.0 = Debug|Any CPU
		{732C4ADA-C3B7-476E-970B-E68F8CC888A9}.Release|Any CPU.ActiveCfg = Release|Any CPU
		{732C4ADA-C3B7-476E-970B-E68F8CC888A9}.Release|Any CPU.Build.0 = Release|Any CPU
		{732C4ADA-C3B7-476E-970B-E68F8CC888A9}.Release|x64.ActiveCfg = Release|Any CPU
		{732C4ADA-C3B7-476E-970B-E68F8CC888A9}.Release|x64.Build.0 = Release|Any CPU
		{4ADACC80-433B-4917-A313-89D99EA7B460}.Debug|Any CPU.ActiveCfg = Debug|Any CPU
		{4ADACC80-433B-4917-A313-89D99EA7B460}.Debug|Any CPU.Build.0 = Debug|Any CPU
		{4ADACC80-433B-4917-A313-89D99EA7B460}.Debug|x64.ActiveCfg = Debug|Any CPU
		{4ADACC80-433B-4917-A313-89D99EA7B460}.Debug|x64.Build.0 = Debug|Any CPU
		{4ADACC80-433B-4917-A313-89D99EA7B460}.Release|Any CPU.ActiveCfg = Release|Any CPU
		{4ADACC80-433B-4917-A313-89D99EA7B460}.Release|Any CPU.Build.0 = Release|Any CPU
		{4ADACC80-433B-4917-A313-89D99EA7B460}.Release|x64.ActiveCfg = Release|Any CPU
		{4ADACC80-433B-4917-A313-89D99EA7B460}.Release|x64.Build.0 = Release|Any CPU
		{84AD95A6-703B-4DC6-A894-552478E29FAB}.Debug|Any CPU.ActiveCfg = Debug|Any CPU
		{84AD95A6-703B-4DC6-A894-552478E29FAB}.Debug|Any CPU.Build.0 = Debug|Any CPU
		{84AD95A6-703B-4DC6-A894-552478E29FAB}.Debug|x64.ActiveCfg = Debug|Any CPU
		{84AD95A6-703B-4DC6-A894-552478E29FAB}.Debug|x64.Build.0 = Debug|Any CPU
		{84AD95A6-703B-4DC6-A894-552478E29FAB}.Release|Any CPU.ActiveCfg = Release|Any CPU
		{84AD95A6-703B-4DC6-A894-552478E29FAB}.Release|Any CPU.Build.0 = Release|Any CPU
		{84AD95A6-703B-4DC6-A894-552478E29FAB}.Release|x64.ActiveCfg = Release|Any CPU
		{84AD95A6-703B-4DC6-A894-552478E29FAB}.Release|x64.Build.0 = Release|Any CPU
	EndGlobalSection
	GlobalSection(SolutionProperties) = preSolution
		HideSolutionNode = FALSE
	EndGlobalSection
	GlobalSection(NestedProjects) = preSolution
		{86CFBF47-0B1F-4257-9179-A16DC07688F3} = {F65E1865-255C-410B-BB03-5CC73438B9F7}
		{1212E1E5-AE08-4C4E-A9DC-374577021F2A} = {F65E1865-255C-410B-BB03-5CC73438B9F7}
		{C2EE2235-7D83-4CE7-B975-D8DB778CDBE7} = {97E8D00F-FA52-4036-BCB8-BB2392B0BC46}
		{437608C8-6DE6-432F-8614-040627361568} = {AD56744B-EB7E-46ED-8503-E8DAB93376F0}
		{732C4ADA-C3B7-476E-970B-E68F8CC888A9} = {353A01DE-E8B4-4C52-8478-1457F4F9185F}
		{4ADACC80-433B-4917-A313-89D99EA7B460} = {AD56744B-EB7E-46ED-8503-E8DAB93376F0}
	EndGlobalSection
	GlobalSection(ExtensibilityGlobals) = postSolution
		SolutionGuid = {EB887CDC-BC16-437B-9C99-2C935E53BA2F}
	EndGlobalSection
EndGlobal
